
Microsoft Visual Studio Solution File, Format Version 12.00
# Visual Studio Version 17
VisualStudioVersion = 17.8.34511.84
MinimumVisualStudioVersion = 10.0.40219.1
Project("{FAE04EC0-301F-11D3-BF4B-00C04F79EFBC}") = "OGOMS_Sprint2", "OGOMS_Sprint2\OGOMS_Sprint2.csproj", "{D664550F-B111-446E-9D7D-63214E4304FC}"
EndProject
Global
	GlobalSection(SolutionConfigurationPlatforms) = preSolution
		Debug|Any CPU = Debug|Any CPU
		Release|Any CPU = Release|Any CPU
	EndGlobalSection
	GlobalSection(ProjectConfigurationPlatforms) = postSolution
		{D664550F-B111-446E-9D7D-63214E4304FC}.Debug|Any CPU.ActiveCfg = Debug|Any CPU
		{D664550F-B111-446E-9D7D-63214E4304FC}.Debug|Any CPU.Build.0 = Debug|Any CPU
		{D664550F-B111-446E-9D7D-63214E4304FC}.Release|Any CPU.ActiveCfg = Release|Any CPU
		{D664550F-B111-446E-9D7D-63214E4304FC}.Release|Any CPU.Build.0 = Release|Any CPU
	EndGlobalSection
	GlobalSection(SolutionProperties) = preSolution
		HideSolutionNode = FALSE
	EndGlobalSection
	GlobalSection(ExtensibilityGlobals) = postSolution
		SolutionGuid = {E363A003-5CC8-427A-8396-2F158B912A16}
	EndGlobalSection
EndGlobal
